
Microsoft Visual Studio Solution File, Format Version 12.00
# Visual Studio Version 17
VisualStudioVersion = 17.8.34330.188
MinimumVisualStudioVersion = 10.0.40219.1
Project("{FAE04EC0-301F-11D3-BF4B-00C04F79EFBC}") = "apiPrzykladowa", "apiPrzykladowa\apiPrzykladowa.csproj", "{B319FFC6-6758-43E4-BB9D-1D93162E3D9C}"
EndProject
Global
	GlobalSection(SolutionConfigurationPlatforms) = preSolution
		Debug|Any CPU = Debug|Any CPU
		Release|Any CPU = Release|Any CPU
	EndGlobalSection
	GlobalSection(ProjectConfigurationPlatforms) = postSolution
		{B319FFC6-6758-43E4-BB9D-1D93162E3D9C}.Debug|Any CPU.ActiveCfg = Debug|Any CPU
		{B319FFC6-6758-43E4-BB9D-1D93162E3D9C}.Debug|Any CPU.Build.0 = Debug|Any CPU
		{B319FFC6-6758-43E4-BB9D-1D93162E3D9C}.Release|Any CPU.ActiveCfg = Release|Any CPU
		{B319FFC6-6758-43E4-BB9D-1D93162E3D9C}.Release|Any CPU.Build.0 = Release|Any CPU
	EndGlobalSection
	GlobalSection(SolutionProperties) = preSolution
		HideSolutionNode = FALSE
	EndGlobalSection
	GlobalSection(ExtensibilityGlobals) = postSolution
		SolutionGuid = {C48D5BEC-6BE8-499E-953A-6B2A6ED8137C}
	EndGlobalSection
EndGlobal
